
Microsoft Visual Studio Solution File, Format Version 12.00
# Visual Studio Version 16
VisualStudioVersion = 16.0.31019.35
MinimumVisualStudioVersion = 10.0.40219.1
Project("{FAE04EC0-301F-11D3-BF4B-00C04F79EFBC}") = "TTimeSpan", "TTimeSpan\TTimeSpan.csproj", "{DB07A44B-53D9-4AF6-9CB4-D5E94926BFE9}"
EndProject
Global
	GlobalSection(SolutionConfigurationPlatforms) = preSolution
		Debug|Any CPU = Debug|Any CPU
		Release|Any CPU = Release|Any CPU
	EndGlobalSection
	GlobalSection(ProjectConfigurationPlatforms) = postSolution
		{DB07A44B-53D9-4AF6-9CB4-D5E94926BFE9}.Debug|Any CPU.ActiveCfg = Debug|Any CPU
		{DB07A44B-53D9-4AF6-9CB4-D5E94926BFE9}.Debug|Any CPU.Build.0 = Debug|Any CPU
		{DB07A44B-53D9-4AF6-9CB4-D5E94926BFE9}.Release|Any CPU.ActiveCfg = Release|Any CPU
		{DB07A44B-53D9-4AF6-9CB4-D5E94926BFE9}.Release|Any CPU.Build.0 = Release|Any CPU
	EndGlobalSection
	GlobalSection(SolutionProperties) = preSolution
		HideSolutionNode = FALSE
	EndGlobalSection
	GlobalSection(ExtensibilityGlobals) = postSolution
		SolutionGuid = {ACDE2A3C-1BD8-465D-BC93-9FF7A8207680}
	EndGlobalSection
EndGlobal
