
Microsoft Visual Studio Solution File, Format Version 12.00
# Visual Studio Version 16
VisualStudioVersion = 16.0.31019.35
MinimumVisualStudioVersion = 10.0.40219.1
Project("{FAE04EC0-301F-11D3-BF4B-00C04F79EFBC}") = "FuncoesInterssantesParaString", "FuncoesInterssantesParaString\FuncoesInterssantesParaString.csproj", "{4E4BFB4A-213E-4AB8-BDB3-E82B94A52337}"
EndProject
Global
	GlobalSection(SolutionConfigurationPlatforms) = preSolution
		Debug|Any CPU = Debug|Any CPU
		Release|Any CPU = Release|Any CPU
	EndGlobalSection
	GlobalSection(ProjectConfigurationPlatforms) = postSolution
		{4E4BFB4A-213E-4AB8-BDB3-E82B94A52337}.Debug|Any CPU.ActiveCfg = Debug|Any CPU
		{4E4BFB4A-213E-4AB8-BDB3-E82B94A52337}.Debug|Any CPU.Build.0 = Debug|Any CPU
		{4E4BFB4A-213E-4AB8-BDB3-E82B94A52337}.Release|Any CPU.ActiveCfg = Release|Any CPU
		{4E4BFB4A-213E-4AB8-BDB3-E82B94A52337}.Release|Any CPU.Build.0 = Release|Any CPU
	EndGlobalSection
	GlobalSection(SolutionProperties) = preSolution
		HideSolutionNode = FALSE
	EndGlobalSection
	GlobalSection(ExtensibilityGlobals) = postSolution
		SolutionGuid = {4BD558B0-5DFF-4275-8FD4-1B4E2D0BF289}
	EndGlobalSection
EndGlobal
