
Microsoft Visual Studio Solution File, Format Version 12.00
# Visual Studio Version 16
VisualStudioVersion = 16.0.31019.35
MinimumVisualStudioVersion = 10.0.40219.1
Project("{FAE04EC0-301F-11D3-BF4B-00C04F79EFBC}") = "Dio.Series", "Dio.Series\Dio.Series.csproj", "{D4B98A36-EC4D-452E-8D14-A6BE931B795F}"
EndProject
Global
	GlobalSection(SolutionConfigurationPlatforms) = preSolution
		Debug|Any CPU = Debug|Any CPU
		Release|Any CPU = Release|Any CPU
	EndGlobalSection
	GlobalSection(ProjectConfigurationPlatforms) = postSolution
		{D4B98A36-EC4D-452E-8D14-A6BE931B795F}.Debug|Any CPU.ActiveCfg = Debug|Any CPU
		{D4B98A36-EC4D-452E-8D14-A6BE931B795F}.Debug|Any CPU.Build.0 = Debug|Any CPU
		{D4B98A36-EC4D-452E-8D14-A6BE931B795F}.Release|Any CPU.ActiveCfg = Release|Any CPU
		{D4B98A36-EC4D-452E-8D14-A6BE931B795F}.Release|Any CPU.Build.0 = Release|Any CPU
	EndGlobalSection
	GlobalSection(SolutionProperties) = preSolution
		HideSolutionNode = FALSE
	EndGlobalSection
	GlobalSection(ExtensibilityGlobals) = postSolution
		SolutionGuid = {06365257-2478-43AF-8A4F-BB3D67908D5A}
	EndGlobalSection
EndGlobal
